# @generated by Move, please check-in and do not edit manually.

[move]
version = 3
manifest_digest = "5E7088BA3587E16520E912FBE7EFB132EF247D5A9B66CF0ABB69316F83F15BAB"
deps_digest = "F8BBB0CCB2491CA29A3DF03D6F92277A4F3574266507ACD77214D37ECA3F3082"
dependencies = [
  { id = "Sui", name = "Sui" },
]

[[move.package]]
id = "MoveStdlib"
source = { git = "https://github.com/MystenLabs/sui.git", rev = "framework/testnet", subdir = "crates/sui-framework/packages/move-stdlib" }

[[move.package]]
id = "Sui"
source = { git = "https://github.com/MystenLabs/sui.git", rev = "framework/testnet", subdir = "crates/sui-framework/packages/sui-framework" }

dependencies = [
  { id = "MoveStdlib", name = "MoveStdlib" },
]

[move.toolchain-version]
compiler-version = "1.61.2"
edition = "2024"
flavor = "sui"

[env]

[env.testnet]
chain-id = "4c78adac"
original-published-id = "0x82b0276b3c3e26bad127f9aeed913ef679037aadde48dd29892532f0520a433e"
latest-published-id = "0x82b0276b3c3e26bad127f9aeed913ef679037aadde48dd29892532f0520a433e"
published-version = "1"
